{
  "name": "basebot",
  "version": "1.0.0",
  "lockfileVersion": 2,
  "requires": true,
  "packages": {
    "": {
      "name": "basebot",
      "version": "1.0.0",
      "license": "MIT",
      "dependencies": {
        "@sapphire/framework": "^2.3.0",
        "dotenv": "^11.0.0"
      },
      "devDependencies": {
        "@sapphire/ts-config": "^3.1.7"
      }
    },
    "node_modules/@discordjs/collection": {
      "version": "0.3.2",
      "resolved": "https://registry.npmjs.org/@discordjs/collection/-/collection-0.3.2.tgz",
      "integrity": "sha512-dMjLl60b2DMqObbH1MQZKePgWhsNe49XkKBZ0W5Acl5uVV43SN414i2QfZwRI7dXAqIn8pEWD2+XXQFn9KWxqg==",
      "engines": {
        "node": ">=16.0.0",
        "npm": ">=7.0.0"
      }
    },
    "node_modules/@sapphire/discord-utilities": {
      "version": "2.5.0",
      "resolved": "https://registry.npmjs.org/@sapphire/discord-utilities/-/discord-utilities-2.5.0.tgz",
      "integrity": "sha512-UVdadkMLSjj5o2Odocfwb46RR5WZ25B538mm8XlFbbPywb6fB1jIA0kMfO9VUWZ72M+CtIbJiEopZ8X33aH3Pg==",
      "dependencies": {
        "twemoji-parser": "^13.1.0"
      },
      "engines": {
        "node": ">=v14.0.0",
        "npm": ">=7.0.0"
      }
    },
    "node_modules/@sapphire/discord.js-utilities": {
      "version": "4.1.6",
      "resolved": "https://registry.npmjs.org/@sapphire/discord.js-utilities/-/discord.js-utilities-4.1.6.tgz",
      "integrity": "sha512-dv1zSB3mc+XWP6nMQnWzMEMDWDNNRG6fKGAvl7ssakJy2CVnM62wrqkevXWoeHvaIb2sZL7/P2q7qOe8/9G7hQ==",
      "dependencies": {
        "@sapphire/discord-utilities": "^2.5.0",
        "@sapphire/time-utilities": "^1.5.1",
        "@sapphire/utilities": "^3.2.0",
        "tslib": "^2.3.1"
      },
      "engines": {
        "node": ">=16.6.0",
        "npm": ">=7.0.0"
      }
    },
    "node_modules/@sapphire/framework": {
      "version": "2.3.0",
      "resolved": "https://registry.npmjs.org/@sapphire/framework/-/framework-2.3.0.tgz",
      "integrity": "sha512-mMvqDb0OFcQsR+F3QY+8xYlz/wRqFej63UUrOtmAZ6vUCEXizk1v9av8iWPGk3zNqy7FYoofk6dVThdaIzK6vA==",
      "dependencies": {
        "@sapphire/discord-utilities": "^2.4.0",
        "@sapphire/discord.js-utilities": "^4.1.5",
        "@sapphire/pieces": "^3.2.0",
        "@sapphire/ratelimits": "^2.1.10",
        "@sapphire/utilities": "^3.1.0",
        "lexure": "^0.17.0",
        "tslib": "^2.3.1"
      },
      "engines": {
        "node": ">=16.6.0",
        "npm": ">=7.0.0"
      }
    },
    "node_modules/@sapphire/pieces": {
      "version": "3.2.0",
      "resolved": "https://registry.npmjs.org/@sapphire/pieces/-/pieces-3.2.0.tgz",
      "integrity": "sha512-7V7R2ouluY5XBEN73cjwMuKI8O4RsSSH8VY6xzYxbMKBA+LAGo0nPTMZ/XzEgHDopIrbcYKJMVZHpjKHWhniKA==",
      "dependencies": {
        "@discordjs/collection": "^0.3.2",
        "@sapphire/utilities": "^3.1.0",
        "tslib": "^2.3.1"
      },
      "engines": {
        "node": ">=v14.0.0",
        "npm": ">=7.0.0"
      }
    },
    "node_modules/@sapphire/ratelimits": {
      "version": "2.1.11",
      "resolved": "https://registry.npmjs.org/@sapphire/ratelimits/-/ratelimits-2.1.11.tgz",
      "integrity": "sha512-vY1fQEQWPB862rGP0ZjrFtIH3aAGopE/YLM0TKFdPPqq+cqJ8glnokGPdGUMxX2JI1oNte9JPdkSxBCHeFcWBQ==",
      "dependencies": {
        "@sapphire/time-utilities": "^1.5.1"
      },
      "engines": {
        "node": ">=v14.0.0",
        "npm": ">=7.0.0"
      }
    },
    "node_modules/@sapphire/time-utilities": {
      "version": "1.5.1",
      "resolved": "https://registry.npmjs.org/@sapphire/time-utilities/-/time-utilities-1.5.1.tgz",
      "integrity": "sha512-luuWsD3KFbvvD4+MqPXAyuYLbVKmtoctoJrb/dYuwyR91BP0ZyROmrlbqKEZ/iwGbDHHTWg9L96+9MwdIdh7Yg==",
      "dependencies": {
        "@sapphire/utilities": "^3.2.0"
      },
      "engines": {
        "node": ">=v14.0.0",
        "npm": ">=7.0.0"
      }
    },
    "node_modules/@sapphire/ts-config": {
      "version": "3.1.7",
      "resolved": "https://registry.npmjs.org/@sapphire/ts-config/-/ts-config-3.1.7.tgz",
      "integrity": "sha512-CqjxzHPkYUnvuj2FvNBe+Ms3tj3Ts0rF7t2pjxXR9khZqkcMc2XbKJj+ilqe+s+vfWrtKLvuyAPzb4Ay9tC1Jg==",
      "dev": true,
      "dependencies": {
        "tslib": "^2.3.1",
        "typescript": "^4.5.4"
      },
      "engines": {
        "node": ">=v14.0.0",
        "npm": ">=7.0.0"
      }
    },
    "node_modules/@sapphire/utilities": {
      "version": "3.2.0",
      "resolved": "https://registry.npmjs.org/@sapphire/utilities/-/utilities-3.2.0.tgz",
      "integrity": "sha512-UTQZgm+tbf9DZZOzxAS4q5qsUIM0yAVGJsEX4U06ho4XktYRM1A2SxhnHNjeNeoM3v4qHzajqRhGrBLSQb9A+A==",
      "engines": {
        "node": ">=v14.0.0",
        "npm": ">=7.0.0"
      }
    },
    "node_modules/dotenv": {
      "version": "11.0.0",
      "resolved": "https://registry.npmjs.org/dotenv/-/dotenv-11.0.0.tgz",
      "integrity": "sha512-Fp/b504Y5W+e+FpCxTFMUZ7ZEQkQYF0rx+KZtmwixJxGQbLHrhCwo3FjZgNC8vIfrSi29PABNbMoCGD9YoiXbQ==",
      "engines": {
        "node": ">=12"
      }
    },
    "node_modules/lexure": {
      "version": "0.17.0",
      "resolved": "https://registry.npmjs.org/lexure/-/lexure-0.17.0.tgz",
      "integrity": "sha512-0L8GqFgPW36sLNqxdp2VOOef5Ajpb98kc0Zk4AzE+Yf0xYTDndcT1vpFqwkTdrCCw+FV8DH4mC9NUw0RlARThA==",
      "engines": {
        "node": ">=12.0.0"
      }
    },
    "node_modules/tslib": {
      "version": "2.3.1",
      "resolved": "https://registry.npmjs.org/tslib/-/tslib-2.3.1.tgz",
      "integrity": "sha512-77EbyPPpMz+FRFRuAFlWMtmgUWGe9UOG2Z25NqCwiIjRhOf5iKGuzSe5P2w1laq+FkRy4p+PCuVkJSGkzTEKVw=="
    },
    "node_modules/twemoji-parser": {
      "version": "13.1.0",
      "resolved": "https://registry.npmjs.org/twemoji-parser/-/twemoji-parser-13.1.0.tgz",
      "integrity": "sha512-AQOzLJpYlpWMy8n+0ATyKKZzWlZBJN+G0C+5lhX7Ftc2PeEVdUU/7ns2Pn2vVje26AIZ/OHwFoUbdv6YYD/wGg=="
    },
    "node_modules/typescript": {
      "version": "4.5.4",
      "resolved": "https://registry.npmjs.org/typescript/-/typescript-4.5.4.tgz",
      "integrity": "sha512-VgYs2A2QIRuGphtzFV7aQJduJ2gyfTljngLzjpfW9FoYZF6xuw1W0vW9ghCKLfcWrCFxK81CSGRAvS1pn4fIUg==",
      "dev": true,
      "bin": {
        "tsc": "bin/tsc",
        "tsserver": "bin/tsserver"
      },
      "engines": {
        "node": ">=4.2.0"
      }
    }
  },
  "dependencies": {
    "@discordjs/collection": {
      "version": "0.3.2",
      "resolved": "https://registry.npmjs.org/@discordjs/collection/-/collection-0.3.2.tgz",
      "integrity": "sha512-dMjLl60b2DMqObbH1MQZKePgWhsNe49XkKBZ0W5Acl5uVV43SN414i2QfZwRI7dXAqIn8pEWD2+XXQFn9KWxqg=="
    },
    "@sapphire/discord-utilities": {
      "version": "2.5.0",
      "resolved": "https://registry.npmjs.org/@sapphire/discord-utilities/-/discord-utilities-2.5.0.tgz",
      "integrity": "sha512-UVdadkMLSjj5o2Odocfwb46RR5WZ25B538mm8XlFbbPywb6fB1jIA0kMfO9VUWZ72M+CtIbJiEopZ8X33aH3Pg==",
      "requires": {
        "twemoji-parser": "^13.1.0"
      }
    },
    "@sapphire/discord.js-utilities": {
      "version": "4.1.6",
      "resolved": "https://registry.npmjs.org/@sapphire/discord.js-utilities/-/discord.js-utilities-4.1.6.tgz",
      "integrity": "sha512-dv1zSB3mc+XWP6nMQnWzMEMDWDNNRG6fKGAvl7ssakJy2CVnM62wrqkevXWoeHvaIb2sZL7/P2q7qOe8/9G7hQ==",
      "requires": {
        "@sapphire/discord-utilities": "^2.5.0",
        "@sapphire/time-utilities": "^1.5.1",
        "@sapphire/utilities": "^3.2.0",
        "tslib": "^2.3.1"
      }
    },
    "@sapphire/framework": {
      "version": "2.3.0",
      "resolved": "https://registry.npmjs.org/@sapphire/framework/-/framework-2.3.0.tgz",
      "integrity": "sha512-mMvqDb0OFcQsR+F3QY+8xYlz/wRqFej63UUrOtmAZ6vUCEXizk1v9av8iWPGk3zNqy7FYoofk6dVThdaIzK6vA==",
      "requires": {
        "@sapphire/discord-utilities": "^2.4.0",
        "@sapphire/discord.js-utilities": "^4.1.5",
        "@sapphire/pieces": "^3.2.0",
        "@sapphire/ratelimits": "^2.1.10",
        "@sapphire/utilities": "^3.1.0",
        "lexure": "^0.17.0",
        "tslib": "^2.3.1"
      }
    },
    "@sapphire/pieces": {
      "version": "3.2.0",
      "resolved": "https://registry.npmjs.org/@sapphire/pieces/-/pieces-3.2.0.tgz",
      "integrity": "sha512-7V7R2ouluY5XBEN73cjwMuKI8O4RsSSH8VY6xzYxbMKBA+LAGo0nPTMZ/XzEgHDopIrbcYKJMVZHpjKHWhniKA==",
      "requires": {
        "@discordjs/collection": "^0.3.2",
        "@sapphire/utilities": "^3.1.0",
        "tslib": "^2.3.1"
      }
    },
    "@sapphire/ratelimits": {
      "version": "2.1.11",
      "resolved": "https://registry.npmjs.org/@sapphire/ratelimits/-/ratelimits-2.1.11.tgz",
      "integrity": "sha512-vY1fQEQWPB862rGP0ZjrFtIH3aAGopE/YLM0TKFdPPqq+cqJ8glnokGPdGUMxX2JI1oNte9JPdkSxBCHeFcWBQ==",
      "requires": {
        "@sapphire/time-utilities": "^1.5.1"
      }
    },
    "@sapphire/time-utilities": {
      "version": "1.5.1",
      "resolved": "https://registry.npmjs.org/@sapphire/time-utilities/-/time-utilities-1.5.1.tgz",
      "integrity": "sha512-luuWsD3KFbvvD4+MqPXAyuYLbVKmtoctoJrb/dYuwyR91BP0ZyROmrlbqKEZ/iwGbDHHTWg9L96+9MwdIdh7Yg==",
      "requires": {
        "@sapphire/utilities": "^3.2.0"
      }
    },
    "@sapphire/ts-config": {
      "version": "3.1.7",
      "resolved": "https://registry.npmjs.org/@sapphire/ts-config/-/ts-config-3.1.7.tgz",
      "integrity": "sha512-CqjxzHPkYUnvuj2FvNBe+Ms3tj3Ts0rF7t2pjxXR9khZqkcMc2XbKJj+ilqe+s+vfWrtKLvuyAPzb4Ay9tC1Jg==",
      "dev": true,
      "requires": {
        "tslib": "^2.3.1",
        "typescript": "^4.5.4"
      }
    },
    "@sapphire/utilities": {
      "version": "3.2.0",
      "resolved": "https://registry.npmjs.org/@sapphire/utilities/-/utilities-3.2.0.tgz",
      "integrity": "sha512-UTQZgm+tbf9DZZOzxAS4q5qsUIM0yAVGJsEX4U06ho4XktYRM1A2SxhnHNjeNeoM3v4qHzajqRhGrBLSQb9A+A=="
    },
    "dotenv": {
      "version": "11.0.0",
      "resolved": "https://registry.npmjs.org/dotenv/-/dotenv-11.0.0.tgz",
      "integrity": "sha512-Fp/b504Y5W+e+FpCxTFMUZ7ZEQkQYF0rx+KZtmwixJxGQbLHrhCwo3FjZgNC8vIfrSi29PABNbMoCGD9YoiXbQ=="
    },
    "lexure": {
      "version": "0.17.0",
      "resolved": "https://registry.npmjs.org/lexure/-/lexure-0.17.0.tgz",
      "integrity": "sha512-0L8GqFgPW36sLNqxdp2VOOef5Ajpb98kc0Zk4AzE+Yf0xYTDndcT1vpFqwkTdrCCw+FV8DH4mC9NUw0RlARThA=="
    },
    "tslib": {
      "version": "2.3.1",
      "resolved": "https://registry.npmjs.org/tslib/-/tslib-2.3.1.tgz",
      "integrity": "sha512-77EbyPPpMz+FRFRuAFlWMtmgUWGe9UOG2Z25NqCwiIjRhOf5iKGuzSe5P2w1laq+FkRy4p+PCuVkJSGkzTEKVw=="
    },
    "twemoji-parser": {
      "version": "13.1.0",
      "resolved": "https://registry.npmjs.org/twemoji-parser/-/twemoji-parser-13.1.0.tgz",
      "integrity": "sha512-AQOzLJpYlpWMy8n+0ATyKKZzWlZBJN+G0C+5lhX7Ftc2PeEVdUU/7ns2Pn2vVje26AIZ/OHwFoUbdv6YYD/wGg=="
    },
    "typescript": {
      "version": "4.5.4",
      "resolved": "https://registry.npmjs.org/typescript/-/typescript-4.5.4.tgz",
      "integrity": "sha512-VgYs2A2QIRuGphtzFV7aQJduJ2gyfTljngLzjpfW9FoYZF6xuw1W0vW9ghCKLfcWrCFxK81CSGRAvS1pn4fIUg==",
      "dev": true
    }
  }
}
